
Microsoft Visual Studio Solution File, Format Version 12.00
# Visual Studio 14
VisualStudioVersion = 14.0.23107.0
MinimumVisualStudioVersion = 10.0.40219.1
Project("{FAE04EC0-301F-11D3-BF4B-00C04F79EFBC}") = "BackEnd", "BackEnd\BackEnd.csproj", "{8DB7D4C6-C47F-415A-80D0-4B798C8549C7}"
EndProject
Project("{FAE04EC0-301F-11D3-BF4B-00C04F79EFBC}") = "Tester", "Tester\Tester.csproj", "{F4AC5925-745E-4B46-AD4F-798729B5AC8F}"
EndProject
Project("{FAE04EC0-301F-11D3-BF4B-00C04F79EFBC}") = "FrontEnd", "FrontEnd\FrontEnd.csproj", "{22D7CB84-59B6-438D-912D-5483501BEB30}"
EndProject
Global
	GlobalSection(SolutionConfigurationPlatforms) = preSolution
		Debug|Any CPU = Debug|Any CPU
		Release|Any CPU = Release|Any CPU
	EndGlobalSection
	GlobalSection(ProjectConfigurationPlatforms) = postSolution
		{8DB7D4C6-C47F-415A-80D0-4B798C8549C7}.Debug|Any CPU.ActiveCfg = Debug|Any CPU
		{8DB7D4C6-C47F-415A-80D0-4B798C8549C7}.Debug|Any CPU.Build.0 = Debug|Any CPU
		{8DB7D4C6-C47F-415A-80D0-4B798C8549C7}.Release|Any CPU.ActiveCfg = Release|Any CPU
		{8DB7D4C6-C47F-415A-80D0-4B798C8549C7}.Release|Any CPU.Build.0 = Release|Any CPU
		{F4AC5925-745E-4B46-AD4F-798729B5AC8F}.Debug|Any CPU.ActiveCfg = Debug|Any CPU
		{F4AC5925-745E-4B46-AD4F-798729B5AC8F}.Debug|Any CPU.Build.0 = Debug|Any CPU
		{F4AC5925-745E-4B46-AD4F-798729B5AC8F}.Release|Any CPU.ActiveCfg = Release|Any CPU
		{F4AC5925-745E-4B46-AD4F-798729B5AC8F}.Release|Any CPU.Build.0 = Release|Any CPU
		{22D7CB84-59B6-438D-912D-5483501BEB30}.Debug|Any CPU.ActiveCfg = Debug|Any CPU
		{22D7CB84-59B6-438D-912D-5483501BEB30}.Debug|Any CPU.Build.0 = Debug|Any CPU
		{22D7CB84-59B6-438D-912D-5483501BEB30}.Release|Any CPU.ActiveCfg = Release|Any CPU
		{22D7CB84-59B6-438D-912D-5483501BEB30}.Release|Any CPU.Build.0 = Release|Any CPU
	EndGlobalSection
	GlobalSection(SolutionProperties) = preSolution
		HideSolutionNode = FALSE
	EndGlobalSection
EndGlobal
